Microsoft Visual Studio Solution File, Format Version 11.00
# Visual Studio 2008

Project("{5F4D4AC6-A9B9-0411-53CA-1BCFA236CE93}") = "Dreah", "Assembly-CSharp.csproj", "{8442E865-89F0-C10F-1AFE-7C72551DCC6F}"
EndProject
Project("{5F4D4AC6-A9B9-0411-53CA-1BCFA236CE93}") = "Dreah", "Assembly-CSharp-Editor.csproj", "{0641A1F2-4688-6A1B-4085-5970DF25B633}"
EndProject
Global
	GlobalSection(SolutionConfigurationPlatforms) = preSolution
		Debug|Any CPU = Debug|Any CPU
		Release|Any CPU = Release|Any CPU
	EndGlobalSection
	GlobalSection(ProjectConfigurationPlatforms) = postSolution
		{8442E865-89F0-C10F-1AFE-7C72551DCC6F}.Debug|Any CPU.ActiveCfg = Debug|Any CPU
		{8442E865-89F0-C10F-1AFE-7C72551DCC6F}.Debug|Any CPU.Build.0 = Debug|Any CPU
		{8442E865-89F0-C10F-1AFE-7C72551DCC6F}.Release|Any CPU.ActiveCfg = Release|Any CPU
		{8442E865-89F0-C10F-1AFE-7C72551DCC6F}.Release|Any CPU.Build.0 = Release|Any CPU
		{0641A1F2-4688-6A1B-4085-5970DF25B633}.Debug|Any CPU.ActiveCfg = Debug|Any CPU
		{0641A1F2-4688-6A1B-4085-5970DF25B633}.Debug|Any CPU.Build.0 = Debug|Any CPU
		{0641A1F2-4688-6A1B-4085-5970DF25B633}.Release|Any CPU.ActiveCfg = Release|Any CPU
		{0641A1F2-4688-6A1B-4085-5970DF25B633}.Release|Any CPU.Build.0 = Release|Any CPU
	EndGlobalSection
	GlobalSection(SolutionProperties) = preSolution
		HideSolutionNode = FALSE
	EndGlobalSection
	GlobalSection(MonoDevelopProperties) = preSolution
		StartupItem = Assembly-CSharp.csproj
	EndGlobalSection
EndGlobal
